// !$*UTF8*$!
{
	archiveVersion = 1;
	classes = {
	};
	objectVersion = 46;
	objects = {

/* Begin PBXBuildFile section */
		A6028DDB1D43817100289B3A /* UIScreen+KMY.h in Headers */ = {isa = PBXBuildFile; fileRef = A6028DD91D43817100289B3A /* UIScreen+KMY.h */; settings = {ATTRIBUTES = (Public, ); }; };
		A6028DDC1D43817100289B3A /* UIScreen+KMY.m in Sources */ = {isa = PBXBuildFile; fileRef = A6028DDA1D43817100289B3A /* UIScreen+KMY.m */; };
		A6028DED1D46049800289B3A /* NSTimer+KMY.h in Headers */ = {isa = PBXBuildFile; fileRef = A6028DEB1D46049800289B3A /* NSTimer+KMY.h */; settings = {ATTRIBUTES = (Public, ); }; };
		A6028DEE1D46049800289B3A /* NSTimer+KMY.m in Sources */ = {isa = PBXBuildFile; fileRef = A6028DEC1D46049800289B3A /* NSTimer+KMY.m */; };
		A626C98F1CD8A49C0094802F /* NSString+KMY.h in Headers */ = {isa = PBXBuildFile; fileRef = A626C98D1CD8A49C0094802F /* NSString+KMY.h */; settings = {ATTRIBUTES = (Public, ); }; };
		A626C9901CD8A49C0094802F /* NSString+KMY.m in Sources */ = {isa = PBXBuildFile; fileRef = A626C98E1CD8A49C0094802F /* NSString+KMY.m */; };
		A627751C1CAD493300238E9D /* KMYDefaultReusableIdentifying.h in Headers */ = {isa = PBXBuildFile; fileRef = A627751B1CAD493300238E9D /* KMYDefaultReusableIdentifying.h */; settings = {ATTRIBUTES = (Public, ); }; };
		A627751F1CAE3B8300238E9D /* KMYAssert.h in Headers */ = {isa = PBXBuildFile; fileRef = A627751D1CAE3B8300238E9D /* KMYAssert.h */; settings = {ATTRIBUTES = (Public, ); }; };
		A62775201CAE3B8300238E9D /* KMYAssert.m in Sources */ = {isa = PBXBuildFile; fileRef = A627751E1CAE3B8300238E9D /* KMYAssert.m */; };
		A627752A1CAE8BD600238E9D /* KMYSubtitleStyleTableViewCell.h in Headers */ = {isa = PBXBuildFile; fileRef = A62775281CAE8BD600238E9D /* KMYSubtitleStyleTableViewCell.h */; settings = {ATTRIBUTES = (Public, ); }; };
		A627752B1CAE8BD600238E9D /* KMYSubtitleStyleTableViewCell.m in Sources */ = {isa = PBXBuildFile; fileRef = A62775291CAE8BD600238E9D /* KMYSubtitleStyleTableViewCell.m */; };
		A62775311CB38C1400238E9D /* KMYMacros.h in Headers */ = {isa = PBXBuildFile; fileRef = A627752F1CB38C1400238E9D /* KMYMacros.h */; settings = {ATTRIBUTES = (Public, ); }; };
		A62775351CB38F4100238E9D /* UITableViewController+KMY.h in Headers */ = {isa = PBXBuildFile; fileRef = A62775331CB38F4100238E9D /* UITableViewController+KMY.h */; settings = {ATTRIBUTES = (Public, ); }; };
		A62775361CB38F4100238E9D /* UITableViewController+KMY.m in Sources */ = {isa = PBXBuildFile; fileRef = A62775341CB38F4100238E9D /* UITableViewController+KMY.m */; };
		A627753B1CB3927400238E9D /* UINavigationController+KMY.h in Headers */ = {isa = PBXBuildFile; fileRef = A62775391CB3927400238E9D /* UINavigationController+KMY.h */; settings = {ATTRIBUTES = (Public, ); }; };
		A627753C1CB3927400238E9D /* UINavigationController+KMY.m in Sources */ = {isa = PBXBuildFile; fileRef = A627753A1CB3927400238E9D /* UINavigationController+KMY.m */; };
		A627754D1CBCD33000238E9D /* KMYButtonTableViewCell.h in Headers */ = {isa = PBXBuildFile; fileRef = A627754B1CBCD33000238E9D /* KMYButtonTableViewCell.h */; settings = {ATTRIBUTES = (Public, ); }; };
		A627754E1CBCD33000238E9D /* KMYButtonTableViewCell.m in Sources */ = {isa = PBXBuildFile; fileRef = A627754C1CBCD33000238E9D /* KMYButtonTableViewCell.m */; };
		A62775511CBCD71B00238E9D /* KMYDestructiveButtonTableViewCell.h in Headers */ = {isa = PBXBuildFile; fileRef = A627754F1CBCD71B00238E9D /* KMYDestructiveButtonTableViewCell.h */; settings = {ATTRIBUTES = (Public, ); }; };
		A62775521CBCD71B00238E9D /* KMYDestructiveButtonTableViewCell.m in Sources */ = {isa = PBXBuildFile; fileRef = A62775501CBCD71B00238E9D /* KMYDestructiveButtonTableViewCell.m */; };
		A6587CE91D015C0400F6DD9E /* KMYSwitchTableViewCell.h in Headers */ = {isa = PBXBuildFile; fileRef = A6587CE71D015C0400F6DD9E /* KMYSwitchTableViewCell.h */; settings = {ATTRIBUTES = (Public, ); }; };
		A6587CEA1D015C0400F6DD9E /* KMYSwitchTableViewCell.m in Sources */ = {isa = PBXBuildFile; fileRef = A6587CE81D015C0400F6DD9E /* KMYSwitchTableViewCell.m */; };
		A6587CED1D015F8200F6DD9E /* KMYSegmentedControlTableViewCell.h in Headers */ = {isa = PBXBuildFile; fileRef = A6587CEB1D015F8200F6DD9E /* KMYSegmentedControlTableViewCell.h */; settings = {ATTRIBUTES = (Public, ); }; };
		A6587CEE1D015F8200F6DD9E /* KMYSegmentedControlTableViewCell.m in Sources */ = {isa = PBXBuildFile; fileRef = A6587CEC1D015F8200F6DD9E /* KMYSegmentedControlTableViewCell.m */; };
		A6587CF11D01883B00F6DD9E /* UISegmentedControl+KMY.h in Headers */ = {isa = PBXBuildFile; fileRef = A6587CEF1D01883B00F6DD9E /* UISegmentedControl+KMY.h */; settings = {ATTRIBUTES = (Public, ); }; };
		A6587CF21D01883B00F6DD9E /* UISegmentedControl+KMY.m in Sources */ = {isa = PBXBuildFile; fileRef = A6587CF01D01883B00F6DD9E /* UISegmentedControl+KMY.m */; };
		A6871C641CBE39710062E265 /* KMYManagedObject.h in Headers */ = {isa = PBXBuildFile; fileRef = A6871C621CBE39710062E265 /* KMYManagedObject.h */; settings = {ATTRIBUTES = (Public, ); }; };
		A6871C651CBE39710062E265 /* KMYManagedObject.m in Sources */ = {isa = PBXBuildFile; fileRef = A6871C631CBE39710062E265 /* KMYManagedObject.m */; };
		A6871C671CBE39DE0062E265 /* KMY+CoreData.h in Headers */ = {isa = PBXBuildFile; fileRef = A6871C661CBE39DE0062E265 /* KMY+CoreData.h */; settings = {ATTRIBUTES = (Public, ); }; };
		A6871C771CBFC8630062E265 /* UIImageView+KMY.h in Headers */ = {isa = PBXBuildFile; fileRef = A6871C751CBFC8630062E265 /* UIImageView+KMY.h */; settings = {ATTRIBUTES = (Public, ); }; };
		A6871C781CBFC8630062E265 /* UIImageView+KMY.m in Sources */ = {isa = PBXBuildFile; fileRef = A6871C761CBFC8630062E265 /* UIImageView+KMY.m */; };
		A6871C7B1CBFCAE30062E265 /* UIButton+KMY.h in Headers */ = {isa = PBXBuildFile; fileRef = A6871C791CBFCAE30062E265 /* UIButton+KMY.h */; settings = {ATTRIBUTES = (Public, ); }; };
		A6871C7C1CBFCAE30062E265 /* UIButton+KMY.m in Sources */ = {isa = PBXBuildFile; fileRef = A6871C7A1CBFCAE30062E265 /* UIButton+KMY.m */; };
		A68B8E0A1CAA6F8900DE6E95 /* KMY+Foundation.h in Headers */ = {isa = PBXBuildFile; fileRef = A68B8DF81CAA6F8900DE6E95 /* KMY+Foundation.h */; settings = {ATTRIBUTES = (Public, ); }; };
		A68B8E0B1CAA6F8900DE6E95 /* KMYBlock.h in Headers */ = {isa = PBXBuildFile; fileRef = A68B8DF91CAA6F8900DE6E95 /* KMYBlock.h */; settings = {ATTRIBUTES = (Public, ); }; };
		A68B8E0C1CAA6F8900DE6E95 /* KMYBlock.m in Sources */ = {isa = PBXBuildFile; fileRef = A68B8DFA1CAA6F8900DE6E95 /* KMYBlock.m */; };
		A68B8E0D1CAA6F8900DE6E95 /* KMYDispatch.h in Headers */ = {isa = PBXBuildFile; fileRef = A68B8DFB1CAA6F8900DE6E95 /* KMYDispatch.h */; settings = {ATTRIBUTES = (Public, ); }; };
		A68B8E0E1CAA6F8900DE6E95 /* KMYDispatch.m in Sources */ = {isa = PBXBuildFile; fileRef = A68B8DFC1CAA6F8900DE6E95 /* KMYDispatch.m */; };
		A68B8E0F1CAA6F8900DE6E95 /* KMYItem.h in Headers */ = {isa = PBXBuildFile; fileRef = A68B8DFD1CAA6F8900DE6E95 /* KMYItem.h */; settings = {ATTRIBUTES = (Public, ); }; };
		A68B8E101CAA6F8900DE6E95 /* KMYItem.m in Sources */ = {isa = PBXBuildFile; fileRef = A68B8DFE1CAA6F8900DE6E95 /* KMYItem.m */; };
		A68B8E111CAA6F8900DE6E95 /* KMYItemAttributes.h in Headers */ = {isa = PBXBuildFile; fileRef = A68B8DFF1CAA6F8900DE6E95 /* KMYItemAttributes.h */; settings = {ATTRIBUTES = (Public, ); }; };
		A68B8E121CAA6F8900DE6E95 /* KMYSection.h in Headers */ = {isa = PBXBuildFile; fileRef = A68B8E001CAA6F8900DE6E95 /* KMYSection.h */; settings = {ATTRIBUTES = (Public, ); }; };
		A68B8E131CAA6F8900DE6E95 /* KMYSection.m in Sources */ = {isa = PBXBuildFile; fileRef = A68B8E011CAA6F8900DE6E95 /* KMYSection.m */; };
		A68B8E141CAA6F8900DE6E95 /* NSArray+KMY.h in Headers */ = {isa = PBXBuildFile; fileRef = A68B8E021CAA6F8900DE6E95 /* NSArray+KMY.h */; settings = {ATTRIBUTES = (Public, ); }; };
		A68B8E151CAA6F8900DE6E95 /* NSArray+KMY.m in Sources */ = {isa = PBXBuildFile; fileRef = A68B8E031CAA6F8900DE6E95 /* NSArray+KMY.m */; };
		A68B8E161CAA6F8900DE6E95 /* NSDictionary+KMY.h in Headers */ = {isa = PBXBuildFile; fileRef = A68B8E041CAA6F8900DE6E95 /* NSDictionary+KMY.h */; settings = {ATTRIBUTES = (Public, ); }; };
		A68B8E171CAA6F8900DE6E95 /* NSDictionary+KMY.m in Sources */ = {isa = PBXBuildFile; fileRef = A68B8E051CAA6F8900DE6E95 /* NSDictionary+KMY.m */; };
		A68B8E181CAA6F8900DE6E95 /* NSMutableArray+KMY.h in Headers */ = {isa = PBXBuildFile; fileRef = A68B8E061CAA6F8900DE6E95 /* NSMutableArray+KMY.h */; settings = {ATTRIBUTES = (Public, ); }; };
		A68B8E191CAA6F8900DE6E95 /* NSMutableArray+KMY.m in Sources */ = {isa = PBXBuildFile; fileRef = A68B8E071CAA6F8900DE6E95 /* NSMutableArray+KMY.m */; };
		A68B8E1A1CAA6F8900DE6E95 /* NSObject+KMY.h in Headers */ = {isa = PBXBuildFile; fileRef = A68B8E081CAA6F8900DE6E95 /* NSObject+KMY.h */; settings = {ATTRIBUTES = (Public, ); }; };
		A68B8E1B1CAA6F8900DE6E95 /* NSObject+KMY.m in Sources */ = {isa = PBXBuildFile; fileRef = A68B8E091CAA6F8900DE6E95 /* NSObject+KMY.m */; };
		A68B8E2A1CAA6F9200DE6E95 /* KMY+UIFoundation.h in Headers */ = {isa = PBXBuildFile; fileRef = A68B8E1D1CAA6F9200DE6E95 /* KMY+UIFoundation.h */; settings = {ATTRIBUTES = (Public, ); }; };
		A68B8E2B1CAA6F9200DE6E95 /* KMYNavigationController.h in Headers */ = {isa = PBXBuildFile; fileRef = A68B8E1E1CAA6F9200DE6E95 /* KMYNavigationController.h */; settings = {ATTRIBUTES = (Public, ); }; };
		A68B8E2C1CAA6F9200DE6E95 /* KMYNavigationController.m in Sources */ = {isa = PBXBuildFile; fileRef = A68B8E1F1CAA6F9200DE6E95 /* KMYNavigationController.m */; };
		A68B8E2D1CAA6F9200DE6E95 /* KMYTableViewController.h in Headers */ = {isa = PBXBuildFile; fileRef = A68B8E201CAA6F9200DE6E95 /* KMYTableViewController.h */; settings = {ATTRIBUTES = (Public, ); }; };
		A68B8E2E1CAA6F9200DE6E95 /* KMYTableViewController.m in Sources */ = {isa = PBXBuildFile; fileRef = A68B8E211CAA6F9200DE6E95 /* KMYTableViewController.m */; };
		A68B8E2F1CAA6F9200DE6E95 /* KMYUIItem.h in Headers */ = {isa = PBXBuildFile; fileRef = A68B8E221CAA6F9200DE6E95 /* KMYUIItem.h */; settings = {ATTRIBUTES = (Public, ); }; };
		A68B8E301CAA6F9200DE6E95 /* KMYUIItem.m in Sources */ = {isa = PBXBuildFile; fileRef = A68B8E231CAA6F9200DE6E95 /* KMYUIItem.m */; };
		A68B8E311CAA6F9200DE6E95 /* KMYUISection.h in Headers */ = {isa = PBXBuildFile; fileRef = A68B8E241CAA6F9200DE6E95 /* KMYUISection.h */; settings = {ATTRIBUTES = (Public, ); }; };
		A68B8E321CAA6F9200DE6E95 /* KMYUISection.m in Sources */ = {isa = PBXBuildFile; fileRef = A68B8E251CAA6F9200DE6E95 /* KMYUISection.m */; };
		A68B8E331CAA6F9200DE6E95 /* KMYViewController.h in Headers */ = {isa = PBXBuildFile; fileRef = A68B8E261CAA6F9200DE6E95 /* KMYViewController.h */; settings = {ATTRIBUTES = (Public, ); }; };
		A68B8E341CAA6F9200DE6E95 /* KMYViewController.m in Sources */ = {isa = PBXBuildFile; fileRef = A68B8E271CAA6F9200DE6E95 /* KMYViewController.m */; };
		A68B8E351CAA6F9200DE6E95 /* UIView+KMY.h in Headers */ = {isa = PBXBuildFile; fileRef = A68B8E281CAA6F9200DE6E95 /* UIView+KMY.h */; settings = {ATTRIBUTES = (Public, ); }; };
		A68B8E361CAA6F9200DE6E95 /* UIView+KMY.m in Sources */ = {isa = PBXBuildFile; fileRef = A68B8E291CAA6F9200DE6E95 /* UIView+KMY.m */; };
		A68B8E391CAA825900DE6E95 /* KMYTableViewDataSource.h in Headers */ = {isa = PBXBuildFile; fileRef = A68B8E371CAA825900DE6E95 /* KMYTableViewDataSource.h */; settings = {ATTRIBUTES = (Public, ); }; };
		A68B8E3A1CAA825900DE6E95 /* KMYTableViewDataSource.m in Sources */ = {isa = PBXBuildFile; fileRef = A68B8E381CAA825900DE6E95 /* KMYTableViewDataSource.m */; };
		A68B8E3D1CAA828900DE6E95 /* KMYTableViewDelegate.h in Headers */ = {isa = PBXBuildFile; fileRef = A68B8E3B1CAA828900DE6E95 /* KMYTableViewDelegate.h */; settings = {ATTRIBUTES = (Public, ); }; };
		A68B8E3E1CAA828900DE6E95 /* KMYTableViewDelegate.m in Sources */ = {isa = PBXBuildFile; fileRef = A68B8E3C1CAA828900DE6E95 /* KMYTableViewDelegate.m */; };
		A68B8E421CAAB61500DE6E95 /* KMYTextFieldTableViewCell.h in Headers */ = {isa = PBXBuildFile; fileRef = A68B8E401CAAB61500DE6E95 /* KMYTextFieldTableViewCell.h */; settings = {ATTRIBUTES = (Public, ); }; };
		A68B8E431CAAB61500DE6E95 /* KMYTextFieldTableViewCell.m in Sources */ = {isa = PBXBuildFile; fileRef = A68B8E411CAAB61500DE6E95 /* KMYTextFieldTableViewCell.m */; };
		A68B8E461CAAB6B300DE6E95 /* KMYTableViewCellConfigurator.h in Headers */ = {isa = PBXBuildFile; fileRef = A68B8E441CAAB6B300DE6E95 /* KMYTableViewCellConfigurator.h */; settings = {ATTRIBUTES = (Public, ); }; };
		A68B8E471CAAB6B300DE6E95 /* KMYTableViewCellConfigurator.m in Sources */ = {isa = PBXBuildFile; fileRef = A68B8E451CAAB6B300DE6E95 /* KMYTableViewCellConfigurator.m */; };
		A69674A71CFEE653003B49F0 /* UIGestureRecognizer+KMY.h in Headers */ = {isa = PBXBuildFile; fileRef = A69674A51CFEE653003B49F0 /* UIGestureRecognizer+KMY.h */; settings = {ATTRIBUTES = (Public, ); }; };
		A69674A81CFEE653003B49F0 /* UIGestureRecognizer+KMY.m in Sources */ = {isa = PBXBuildFile; fileRef = A69674A61CFEE653003B49F0 /* UIGestureRecognizer+KMY.m */; };
		A697721D1D01BD2E00F1BE5A /* UISwitch+KMY.h in Headers */ = {isa = PBXBuildFile; fileRef = A697721B1D01BD2E00F1BE5A /* UISwitch+KMY.h */; settings = {ATTRIBUTES = (Public, ); }; };
		A697721E1D01BD2E00F1BE5A /* UISwitch+KMY.m in Sources */ = {isa = PBXBuildFile; fileRef = A697721C1D01BD2E00F1BE5A /* UISwitch+KMY.m */; };
		A69E36071CEC40AF00FB3B8C /* NSLayoutAnchor+KMY.h in Headers */ = {isa = PBXBuildFile; fileRef = A69E36051CEC40AF00FB3B8C /* NSLayoutAnchor+KMY.h */; settings = {ATTRIBUTES = (Public, ); }; };
		A69E36081CEC40AF00FB3B8C /* NSLayoutAnchor+KMY.m in Sources */ = {isa = PBXBuildFile; fileRef = A69E36061CEC40AF00FB3B8C /* NSLayoutAnchor+KMY.m */; };
		A6A8D03E1D22435E00BD292D /* KMYCollectionViewSupplementaryViewConfigurator.h in Headers */ = {isa = PBXBuildFile; fileRef = A6A8D03C1D22435E00BD292D /* KMYCollectionViewSupplementaryViewConfigurator.h */; settings = {ATTRIBUTES = (Public, ); }; };
		A6A8D03F1D22435E00BD292D /* KMYCollectionViewSupplementaryViewConfigurator.m in Sources */ = {isa = PBXBuildFile; fileRef = A6A8D03D1D22435E00BD292D /* KMYCollectionViewSupplementaryViewConfigurator.m */; };
		A6A8D0541D250F2100BD292D /* KMYTableViewHeaderFooterConfigurator.h in Headers */ = {isa = PBXBuildFile; fileRef = A6A8D0521D250F2100BD292D /* KMYTableViewHeaderFooterConfigurator.h */; settings = {ATTRIBUTES = (Public, ); }; };
		A6A8D0551D250F2100BD292D /* KMYTableViewHeaderFooterConfigurator.m in Sources */ = {isa = PBXBuildFile; fileRef = A6A8D0531D250F2100BD292D /* KMYTableViewHeaderFooterConfigurator.m */; };
		A6D01FEF1CABE139003CF026 /* KMYDefaultStyleTableViewCell.h in Headers */ = {isa = PBXBuildFile; fileRef = A6D01FED1CABE139003CF026 /* KMYDefaultStyleTableViewCell.h */; settings = {ATTRIBUTES = (Public, ); }; };
		A6D01FF01CABE139003CF026 /* KMYDefaultStyleTableViewCell.m in Sources */ = {isa = PBXBuildFile; fileRef = A6D01FEE1CABE139003CF026 /* KMYDefaultStyleTableViewCell.m */; };
		A6D87A491CF70567006BEC47 /* WKWebView+KMY.h in Headers */ = {isa = PBXBuildFile; fileRef = A6D87A471CF70567006BEC47 /* WKWebView+KMY.h */; settings = {ATTRIBUTES = (Public, ); }; };
		A6D87A4A1CF70567006BEC47 /* WKWebView+KMY.m in Sources */ = {isa = PBXBuildFile; fileRef = A6D87A481CF70567006BEC47 /* WKWebView+KMY.m */; };
		A6D8DB601CE0B681003E227A /* NSAttributedString+KMY.h in Headers */ = {isa = PBXBuildFile; fileRef = A6D8DB5E1CE0B681003E227A /* NSAttributedString+KMY.h */; settings = {ATTRIBUTES = (Public, ); }; };
		A6D8DB611CE0B681003E227A /* NSAttributedString+KMY.m in Sources */ = {isa = PBXBuildFile; fileRef = A6D8DB5F1CE0B681003E227A /* NSAttributedString+KMY.m */; };
		A6F6DA271CCA18AB0042B78A /* UIBarButtonItem+KMY.h in Headers */ = {isa = PBXBuildFile; fileRef = A6F6DA251CCA18AB0042B78A /* UIBarButtonItem+KMY.h */; settings = {ATTRIBUTES = (Public, ); }; };
		A6F6DA281CCA18AB0042B78A /* UIBarButtonItem+KMY.m in Sources */ = {isa = PBXBuildFile; fileRef = A6F6DA261CCA18AB0042B78A /* UIBarButtonItem+KMY.m */; };
		A6F6DA601CCDD4650042B78A /* KMYTableViewControllerBehavior.h in Headers */ = {isa = PBXBuildFile; fileRef = A6F6DA5E1CCDD4650042B78A /* KMYTableViewControllerBehavior.h */; settings = {ATTRIBUTES = (Public, ); }; };
		A6F6DA611CCDD4650042B78A /* KMYTableViewControllerBehavior.m in Sources */ = {isa = PBXBuildFile; fileRef = A6F6DA5F1CCDD4650042B78A /* KMYTableViewControllerBehavior.m */; };
		A6F6DA641CCDD7190042B78A /* KMYCollectionViewControllerBehavior.h in Headers */ = {isa = PBXBuildFile; fileRef = A6F6DA621CCDD7190042B78A /* KMYCollectionViewControllerBehavior.h */; settings = {ATTRIBUTES = (Public, ); }; };
		A6F6DA651CCDD7190042B78A /* KMYCollectionViewControllerBehavior.m in Sources */ = {isa = PBXBuildFile; fileRef = A6F6DA631CCDD7190042B78A /* KMYCollectionViewControllerBehavior.m */; };
		A6F6DA681CCDDC5C0042B78A /* UICollectionViewController+KMY.h in Headers */ = {isa = PBXBuildFile; fileRef = A6F6DA661CCDDC5C0042B78A /* UICollectionViewController+KMY.h */; settings = {ATTRIBUTES = (Public, ); }; };
		A6F6DA691CCDDC5C0042B78A /* UICollectionViewController+KMY.m in Sources */ = {isa = PBXBuildFile; fileRef = A6F6DA671CCDDC5C0042B78A /* UICollectionViewController+KMY.m */; };
		A6F6DA6C1CCDE0C00042B78A /* KMYCollectionViewDataSource.h in Headers */ = {isa = PBXBuildFile; fileRef = A6F6DA6A1CCDE0C00042B78A /* KMYCollectionViewDataSource.h */; settings = {ATTRIBUTES = (Public, ); }; };
		A6F6DA6D1CCDE0C00042B78A /* KMYCollectionViewDataSource.m in Sources */ = {isa = PBXBuildFile; fileRef = A6F6DA6B1CCDE0C00042B78A /* KMYCollectionViewDataSource.m */; };
		A6F6DA701CCDE45E0042B78A /* KMYCollectionViewCellConfigurator.h in Headers */ = {isa = PBXBuildFile; fileRef = A6F6DA6E1CCDE45E0042B78A /* KMYCollectionViewCellConfigurator.h */; settings = {ATTRIBUTES = (Public, ); }; };
		A6F6DA711CCDE45E0042B78A /* KMYCollectionViewCellConfigurator.m in Sources */ = {isa = PBXBuildFile; fileRef = A6F6DA6F1CCDE45E0042B78A /* KMYCollectionViewCellConfigurator.m */; };
		A6F6DA751CCDE7840042B78A /* KMYDefaultCollectionViewCell.h in Headers */ = {isa = PBXBuildFile; fileRef = A6F6DA731CCDE7840042B78A /* KMYDefaultCollectionViewCell.h */; settings = {ATTRIBUTES = (Public, ); }; };
		A6F6DA761CCDE7840042B78A /* KMYDefaultCollectionViewCell.m in Sources */ = {isa = PBXBuildFile; fileRef = A6F6DA741CCDE7840042B78A /* KMYDefaultCollectionViewCell.m */; };
		A6F6DA7A1CCDEC960042B78A /* KMYCollectionViewDelegate.h in Headers */ = {isa = PBXBuildFile; fileRef = A6F6DA781CCDEC960042B78A /* KMYCollectionViewDelegate.h */; settings = {ATTRIBUTES = (Public, ); }; };
		A6F6DA7B1CCDEC960042B78A /* KMYCollectionViewDelegate.m in Sources */ = {isa = PBXBuildFile; fileRef = A6F6DA791CCDEC960042B78A /* KMYCollectionViewDelegate.m */; };
		A6F6DA7F1CCF298F0042B78A /* KMYUIItem+CollectionView.h in Headers */ = {isa = PBXBuildFile; fileRef = A6F6DA7D1CCF298F0042B78A /* KMYUIItem+CollectionView.h */; settings = {ATTRIBUTES = (Public, ); }; };
		A6F6DA801CCF298F0042B78A /* KMYUIItem+CollectionView.m in Sources */ = {isa = PBXBuildFile; fileRef = A6F6DA7E1CCF298F0042B78A /* KMYUIItem+CollectionView.m */; };
		A6F6DA831CCF2BDF0042B78A /* KMYUIItem+TableView.h in Headers */ = {isa = PBXBuildFile; fileRef = A6F6DA811CCF2BDF0042B78A /* KMYUIItem+TableView.h */; settings = {ATTRIBUTES = (Public, ); }; };
		A6F6DA841CCF2BDF0042B78A /* KMYUIItem+TableView.m in Sources */ = {isa = PBXBuildFile; fileRef = A6F6DA821CCF2BDF0042B78A /* KMYUIItem+TableView.m */; };
		A6F6F6C11CA3CDAA0074F8A4 /* KMYKit.h in Headers */ = {isa = PBXBuildFile; fileRef = A6F6F6C01CA3CDAA0074F8A4 /* KMYKit.h */; settings = {ATTRIBUTES = (Public, ); }; };
/* End PBXBuildFile section */

/* Begin PBXFileReference section */
		A6028DD91D43817100289B3A /* UIScreen+KMY.h */ = {isa = PBXFileReference; fileEncoding = 4; lastKnownFileType = sourcecode.c.h; path = "UIScreen+KMY.h"; sourceTree = "<group>"; };
		A6028DDA1D43817100289B3A /* UIScreen+KMY.m */ = {isa = PBXFileReference; fileEncoding = 4; lastKnownFileType = sourcecode.c.objc; path = "UIScreen+KMY.m"; sourceTree = "<group>"; };
		A6028DEB1D46049800289B3A /* NSTimer+KMY.h */ = {isa = PBXFileReference; fileEncoding = 4; lastKnownFileType = sourcecode.c.h; path = "NSTimer+KMY.h"; sourceTree = "<group>"; };
		A6028DEC1D46049800289B3A /* NSTimer+KMY.m */ = {isa = PBXFileReference; fileEncoding = 4; lastKnownFileType = sourcecode.c.objc; path = "NSTimer+KMY.m"; sourceTree = "<group>"; };
		A626C98D1CD8A49C0094802F /* NSString+KMY.h */ = {isa = PBXFileReference; fileEncoding = 4; lastKnownFileType = sourcecode.c.h; path = "NSString+KMY.h"; sourceTree = "<group>"; };
		A626C98E1CD8A49C0094802F /* NSString+KMY.m */ = {isa = PBXFileReference; fileEncoding = 4; lastKnownFileType = sourcecode.c.objc; path = "NSString+KMY.m"; sourceTree = "<group>"; };
		A627751B1CAD493300238E9D /* KMYDefaultReusableIdentifying.h */ = {isa = PBXFileReference; fileEncoding = 4; lastKnownFileType = sourcecode.c.h; path = KMYDefaultReusableIdentifying.h; sourceTree = "<group>"; };
		A627751D1CAE3B8300238E9D /* KMYAssert.h */ = {isa = PBXFileReference; fileEncoding = 4; lastKnownFileType = sourcecode.c.h; path = KMYAssert.h; sourceTree = "<group>"; };
		A627751E1CAE3B8300238E9D /* KMYAssert.m */ = {isa = PBXFileReference; fileEncoding = 4; lastKnownFileType = sourcecode.c.objc; path = KMYAssert.m; sourceTree = "<group>"; };
		A62775281CAE8BD600238E9D /* KMYSubtitleStyleTableViewCell.h */ = {isa = PBXFileReference; fileEncoding = 4; lastKnownFileType = sourcecode.c.h; path = KMYSubtitleStyleTableViewCell.h; sourceTree = "<group>"; };
		A62775291CAE8BD600238E9D /* KMYSubtitleStyleTableViewCell.m */ = {isa = PBXFileReference; fileEncoding = 4; lastKnownFileType = sourcecode.c.objc; path = KMYSubtitleStyleTableViewCell.m; sourceTree = "<group>"; };
		A627752F1CB38C1400238E9D /* KMYMacros.h */ = {isa = PBXFileReference; fileEncoding = 4; lastKnownFileType = sourcecode.c.h; path = KMYMacros.h; sourceTree = "<group>"; };
		A62775331CB38F4100238E9D /* UITableViewController+KMY.h */ = {isa = PBXFileReference; fileEncoding = 4; lastKnownFileType = sourcecode.c.h; path = "UITableViewController+KMY.h"; sourceTree = "<group>"; };
		A62775341CB38F4100238E9D /* UITableViewController+KMY.m */ = {isa = PBXFileReference; fileEncoding = 4; lastKnownFileType = sourcecode.c.objc; path = "UITableViewController+KMY.m"; sourceTree = "<group>"; };
		A62775391CB3927400238E9D /* UINavigationController+KMY.h */ = {isa = PBXFileReference; fileEncoding = 4; lastKnownFileType = sourcecode.c.h; path = "UINavigationController+KMY.h"; sourceTree = "<group>"; };
		A627753A1CB3927400238E9D /* UINavigationController+KMY.m */ = {isa = PBXFileReference; fileEncoding = 4; lastKnownFileType = sourcecode.c.objc; path = "UINavigationController+KMY.m"; sourceTree = "<group>"; };
		A627754B1CBCD33000238E9D /* KMYButtonTableViewCell.h */ = {isa = PBXFileReference; fileEncoding = 4; lastKnownFileType = sourcecode.c.h; path = KMYButtonTableViewCell.h; sourceTree = "<group>"; };
		A627754C1CBCD33000238E9D /* KMYButtonTableViewCell.m */ = {isa = PBXFileReference; fileEncoding = 4; lastKnownFileType = sourcecode.c.objc; path = KMYButtonTableViewCell.m; sourceTree = "<group>"; };
		A627754F1CBCD71B00238E9D /* KMYDestructiveButtonTableViewCell.h */ = {isa = PBXFileReference; fileEncoding = 4; lastKnownFileType = sourcecode.c.h; path = KMYDestructiveButtonTableViewCell.h; sourceTree = "<group>"; };
		A62775501CBCD71B00238E9D /* KMYDestructiveButtonTableViewCell.m */ = {isa = PBXFileReference; fileEncoding = 4; lastKnownFileType = sourcecode.c.objc; path = KMYDestructiveButtonTableViewCell.m; sourceTree = "<group>"; };
		A6587CE71D015C0400F6DD9E /* KMYSwitchTableViewCell.h */ = {isa = PBXFileReference; fileEncoding = 4; lastKnownFileType = sourcecode.c.h; path = KMYSwitchTableViewCell.h; sourceTree = "<group>"; };
		A6587CE81D015C0400F6DD9E /* KMYSwitchTableViewCell.m */ = {isa = PBXFileReference; fileEncoding = 4; lastKnownFileType = sourcecode.c.objc; path = KMYSwitchTableViewCell.m; sourceTree = "<group>"; };
		A6587CEB1D015F8200F6DD9E /* KMYSegmentedControlTableViewCell.h */ = {isa = PBXFileReference; fileEncoding = 4; lastKnownFileType = sourcecode.c.h; path = KMYSegmentedControlTableViewCell.h; sourceTree = "<group>"; };
		A6587CEC1D015F8200F6DD9E /* KMYSegmentedControlTableViewCell.m */ = {isa = PBXFileReference; fileEncoding = 4; lastKnownFileType = sourcecode.c.objc; path = KMYSegmentedControlTableViewCell.m; sourceTree = "<group>"; };
		A6587CEF1D01883B00F6DD9E /* UISegmentedControl+KMY.h */ = {isa = PBXFileReference; fileEncoding = 4; lastKnownFileType = sourcecode.c.h; path = "UISegmentedControl+KMY.h"; sourceTree = "<group>"; };
		A6587CF01D01883B00F6DD9E /* UISegmentedControl+KMY.m */ = {isa = PBXFileReference; fileEncoding = 4; lastKnownFileType = sourcecode.c.objc; path = "UISegmentedControl+KMY.m"; sourceTree = "<group>"; };
		A6871C621CBE39710062E265 /* KMYManagedObject.h */ = {isa = PBXFileReference; fileEncoding = 4; lastKnownFileType = sourcecode.c.h; path = KMYManagedObject.h; sourceTree = "<group>"; };
		A6871C631CBE39710062E265 /* KMYManagedObject.m */ = {isa = PBXFileReference; fileEncoding = 4; lastKnownFileType = sourcecode.c.objc; path = KMYManagedObject.m; sourceTree = "<group>"; };
		A6871C661CBE39DE0062E265 /* KMY+CoreData.h */ = {isa = PBXFileReference; fileEncoding = 4; lastKnownFileType = sourcecode.c.h; path = "KMY+CoreData.h"; sourceTree = "<group>"; };
		A6871C751CBFC8630062E265 /* UIImageView+KMY.h */ = {isa = PBXFileReference; fileEncoding = 4; lastKnownFileType = sourcecode.c.h; path = "UIImageView+KMY.h"; sourceTree = "<group>"; };
		A6871C761CBFC8630062E265 /* UIImageView+KMY.m */ = {isa = PBXFileReference; fileEncoding = 4; lastKnownFileType = sourcecode.c.objc; path = "UIImageView+KMY.m"; sourceTree = "<group>"; };
		A6871C791CBFCAE30062E265 /* UIButton+KMY.h */ = {isa = PBXFileReference; fileEncoding = 4; lastKnownFileType = sourcecode.c.h; path = "UIButton+KMY.h"; sourceTree = "<group>"; };
		A6871C7A1CBFCAE30062E265 /* UIButton+KMY.m */ = {isa = PBXFileReference; fileEncoding = 4; lastKnownFileType = sourcecode.c.objc; path = "UIButton+KMY.m"; sourceTree = "<group>"; };
		A68B8DF81CAA6F8900DE6E95 /* KMY+Foundation.h */ = {isa = PBXFileReference; fileEncoding = 4; lastKnownFileType = sourcecode.c.h; path = "KMY+Foundation.h"; sourceTree = "<group>"; };
		A68B8DF91CAA6F8900DE6E95 /* KMYBlock.h */ = {isa = PBXFileReference; fileEncoding = 4; lastKnownFileType = sourcecode.c.h; path = KMYBlock.h; sourceTree = "<group>"; };
		A68B8DFA1CAA6F8900DE6E95 /* KMYBlock.m */ = {isa = PBXFileReference; fileEncoding = 4; lastKnownFileType = sourcecode.c.objc; path = KMYBlock.m; sourceTree = "<group>"; };
		A68B8DFB1CAA6F8900DE6E95 /* KMYDispatch.h */ = {isa = PBXFileReference; fileEncoding = 4; lastKnownFileType = sourcecode.c.h; path = KMYDispatch.h; sourceTree = "<group>"; };
		A68B8DFC1CAA6F8900DE6E95 /* KMYDispatch.m */ = {isa = PBXFileReference; fileEncoding = 4; lastKnownFileType = sourcecode.c.objc; path = KMYDispatch.m; sourceTree = "<group>"; };
		A68B8DFD1CAA6F8900DE6E95 /* KMYItem.h */ = {isa = PBXFileReference; fileEncoding = 4; lastKnownFileType = sourcecode.c.h; path = KMYItem.h; sourceTree = "<group>"; };
		A68B8DFE1CAA6F8900DE6E95 /* KMYItem.m */ = {isa = PBXFileReference; fileEncoding = 4; lastKnownFileType = sourcecode.c.objc; path = KMYItem.m; sourceTree = "<group>"; };
		A68B8DFF1CAA6F8900DE6E95 /* KMYItemAttributes.h */ = {isa = PBXFileReference; fileEncoding = 4; lastKnownFileType = sourcecode.c.h; path = KMYItemAttributes.h; sourceTree = "<group>"; };
		A68B8E001CAA6F8900DE6E95 /* KMYSection.h */ = {isa = PBXFileReference; fileEncoding = 4; lastKnownFileType = sourcecode.c.h; path = KMYSection.h; sourceTree = "<group>"; };
		A68B8E011CAA6F8900DE6E95 /* KMYSection.m */ = {isa = PBXFileReference; fileEncoding = 4; lastKnownFileType = sourcecode.c.objc; path = KMYSection.m; sourceTree = "<group>"; };
		A68B8E021CAA6F8900DE6E95 /* NSArray+KMY.h */ = {isa = PBXFileReference; fileEncoding = 4; lastKnownFileType = sourcecode.c.h; path = "NSArray+KMY.h"; sourceTree = "<group>"; };
		A68B8E031CAA6F8900DE6E95 /* NSArray+KMY.m */ = {isa = PBXFileReference; fileEncoding = 4; lastKnownFileType = sourcecode.c.objc; path = "NSArray+KMY.m"; sourceTree = "<group>"; };
		A68B8E041CAA6F8900DE6E95 /* NSDictionary+KMY.h */ = {isa = PBXFileReference; fileEncoding = 4; lastKnownFileType = sourcecode.c.h; path = "NSDictionary+KMY.h"; sourceTree = "<group>"; };
		A68B8E051CAA6F8900DE6E95 /* NSDictionary+KMY.m */ = {isa = PBXFileReference; fileEncoding = 4; lastKnownFileType = sourcecode.c.objc; path = "NSDictionary+KMY.m"; sourceTree = "<group>"; };
		A68B8E061CAA6F8900DE6E95 /* NSMutableArray+KMY.h */ = {isa = PBXFileReference; fileEncoding = 4; lastKnownFileType = sourcecode.c.h; path = "NSMutableArray+KMY.h"; sourceTree = "<group>"; };
		A68B8E071CAA6F8900DE6E95 /* NSMutableArray+KMY.m */ = {isa = PBXFileReference; fileEncoding = 4; lastKnownFileType = sourcecode.c.objc; path = "NSMutableArray+KMY.m"; sourceTree = "<group>"; };
		A68B8E081CAA6F8900DE6E95 /* NSObject+KMY.h */ = {isa = PBXFileReference; fileEncoding = 4; lastKnownFileType = sourcecode.c.h; path = "NSObject+KMY.h"; sourceTree = "<group>"; };
		A68B8E091CAA6F8900DE6E95 /* NSObject+KMY.m */ = {isa = PBXFileReference; fileEncoding = 4; lastKnownFileType = sourcecode.c.objc; path = "NSObject+KMY.m"; sourceTree = "<group>"; };
		A68B8E1D1CAA6F9200DE6E95 /* KMY+UIFoundation.h */ = {isa = PBXFileReference; fileEncoding = 4; lastKnownFileType = sourcecode.c.h; path = "KMY+UIFoundation.h"; sourceTree = "<group>"; };
		A68B8E1E1CAA6F9200DE6E95 /* KMYNavigationController.h */ = {isa = PBXFileReference; fileEncoding = 4; lastKnownFileType = sourcecode.c.h; path = KMYNavigationController.h; sourceTree = "<group>"; };
		A68B8E1F1CAA6F9200DE6E95 /* KMYNavigationController.m */ = {isa = PBXFileReference; fileEncoding = 4; lastKnownFileType = sourcecode.c.objc; path = KMYNavigationController.m; sourceTree = "<group>"; };
		A68B8E201CAA6F9200DE6E95 /* KMYTableViewController.h */ = {isa = PBXFileReference; fileEncoding = 4; lastKnownFileType = sourcecode.c.h; path = KMYTableViewController.h; sourceTree = "<group>"; };
		A68B8E211CAA6F9200DE6E95 /* KMYTableViewController.m */ = {isa = PBXFileReference; fileEncoding = 4; lastKnownFileType = sourcecode.c.objc; path = KMYTableViewController.m; sourceTree = "<group>"; };
		A68B8E221CAA6F9200DE6E95 /* KMYUIItem.h */ = {isa = PBXFileReference; fileEncoding = 4; lastKnownFileType = sourcecode.c.h; path = KMYUIItem.h; sourceTree = "<group>"; };
		A68B8E231CAA6F9200DE6E95 /* KMYUIItem.m */ = {isa = PBXFileReference; fileEncoding = 4; lastKnownFileType = sourcecode.c.objc; path = KMYUIItem.m; sourceTree = "<group>"; };
		A68B8E241CAA6F9200DE6E95 /* KMYUISection.h */ = {isa = PBXFileReference; fileEncoding = 4; lastKnownFileType = sourcecode.c.h; path = KMYUISection.h; sourceTree = "<group>"; };
		A68B8E251CAA6F9200DE6E95 /* KMYUISection.m */ = {isa = PBXFileReference; fileEncoding = 4; lastKnownFileType = sourcecode.c.objc; path = KMYUISection.m; sourceTree = "<group>"; };
		A68B8E261CAA6F9200DE6E95 /* KMYViewController.h */ = {isa = PBXFileReference; fileEncoding = 4; lastKnownFileType = sourcecode.c.h; path = KMYViewController.h; sourceTree = "<group>"; };
		A68B8E271CAA6F9200DE6E95 /* KMYViewController.m */ = {isa = PBXFileReference; fileEncoding = 4; lastKnownFileType = sourcecode.c.objc; path = KMYViewController.m; sourceTree = "<group>"; };
		A68B8E281CAA6F9200DE6E95 /* UIView+KMY.h */ = {isa = PBXFileReference; fileEncoding = 4; lastKnownFileType = sourcecode.c.h; path = "UIView+KMY.h"; sourceTree = "<group>"; };
		A68B8E291CAA6F9200DE6E95 /* UIView+KMY.m */ = {isa = PBXFileReference; fileEncoding = 4; lastKnownFileType = sourcecode.c.objc; path = "UIView+KMY.m"; sourceTree = "<group>"; };
		A68B8E371CAA825900DE6E95 /* KMYTableViewDataSource.h */ = {isa = PBXFileReference; fileEncoding = 4; lastKnownFileType = sourcecode.c.h; path = KMYTableViewDataSource.h; sourceTree = "<group>"; };
		A68B8E381CAA825900DE6E95 /* KMYTableViewDataSource.m */ = {isa = PBXFileReference; fileEncoding = 4; lastKnownFileType = sourcecode.c.objc; path = KMYTableViewDataSource.m; sourceTree = "<group>"; };
		A68B8E3B1CAA828900DE6E95 /* KMYTableViewDelegate.h */ = {isa = PBXFileReference; fileEncoding = 4; lastKnownFileType = sourcecode.c.h; path = KMYTableViewDelegate.h; sourceTree = "<group>"; };
		A68B8E3C1CAA828900DE6E95 /* KMYTableViewDelegate.m */ = {isa = PBXFileReference; fileEncoding = 4; lastKnownFileType = sourcecode.c.objc; path = KMYTableViewDelegate.m; sourceTree = "<group>"; };
		A68B8E401CAAB61500DE6E95 /* KMYTextFieldTableViewCell.h */ = {isa = PBXFileReference; fileEncoding = 4; lastKnownFileType = sourcecode.c.h; path = KMYTextFieldTableViewCell.h; sourceTree = "<group>"; };
		A68B8E411CAAB61500DE6E95 /* KMYTextFieldTableViewCell.m */ = {isa = PBXFileReference; fileEncoding = 4; lastKnownFileType = sourcecode.c.objc; path = KMYTextFieldTableViewCell.m; sourceTree = "<group>"; };
		A68B8E441CAAB6B300DE6E95 /* KMYTableViewCellConfigurator.h */ = {isa = PBXFileReference; fileEncoding = 4; lastKnownFileType = sourcecode.c.h; path = KMYTableViewCellConfigurator.h; sourceTree = "<group>"; };
		A68B8E451CAAB6B300DE6E95 /* KMYTableViewCellConfigurator.m */ = {isa = PBXFileReference; fileEncoding = 4; lastKnownFileType = sourcecode.c.objc; path = KMYTableViewCellConfigurator.m; sourceTree = "<group>"; };
		A69674A51CFEE653003B49F0 /* UIGestureRecognizer+KMY.h */ = {isa = PBXFileReference; fileEncoding = 4; lastKnownFileType = sourcecode.c.h; path = "UIGestureRecognizer+KMY.h"; sourceTree = "<group>"; };
		A69674A61CFEE653003B49F0 /* UIGestureRecognizer+KMY.m */ = {isa = PBXFileReference; fileEncoding = 4; lastKnownFileType = sourcecode.c.objc; path = "UIGestureRecognizer+KMY.m"; sourceTree = "<group>"; };
		A697721B1D01BD2E00F1BE5A /* UISwitch+KMY.h */ = {isa = PBXFileReference; fileEncoding = 4; lastKnownFileType = sourcecode.c.h; path = "UISwitch+KMY.h"; sourceTree = "<group>"; };
		A697721C1D01BD2E00F1BE5A /* UISwitch+KMY.m */ = {isa = PBXFileReference; fileEncoding = 4; lastKnownFileType = sourcecode.c.objc; path = "UISwitch+KMY.m"; sourceTree = "<group>"; };
		A69E36051CEC40AF00FB3B8C /* NSLayoutAnchor+KMY.h */ = {isa = PBXFileReference; fileEncoding = 4; lastKnownFileType = sourcecode.c.h; path = "NSLayoutAnchor+KMY.h"; sourceTree = "<group>"; };
		A69E36061CEC40AF00FB3B8C /* NSLayoutAnchor+KMY.m */ = {isa = PBXFileReference; fileEncoding = 4; lastKnownFileType = sourcecode.c.objc; path = "NSLayoutAnchor+KMY.m"; sourceTree = "<group>"; };
		A6A8D03C1D22435E00BD292D /* KMYCollectionViewSupplementaryViewConfigurator.h */ = {isa = PBXFileReference; fileEncoding = 4; lastKnownFileType = sourcecode.c.h; path = KMYCollectionViewSupplementaryViewConfigurator.h; sourceTree = "<group>"; };
		A6A8D03D1D22435E00BD292D /* KMYCollectionViewSupplementaryViewConfigurator.m */ = {isa = PBXFileReference; fileEncoding = 4; lastKnownFileType = sourcecode.c.objc; path = KMYCollectionViewSupplementaryViewConfigurator.m; sourceTree = "<group>"; };
		A6A8D0521D250F2100BD292D /* KMYTableViewHeaderFooterConfigurator.h */ = {isa = PBXFileReference; fileEncoding = 4; lastKnownFileType = sourcecode.c.h; path = KMYTableViewHeaderFooterConfigurator.h; sourceTree = "<group>"; };
		A6A8D0531D250F2100BD292D /* KMYTableViewHeaderFooterConfigurator.m */ = {isa = PBXFileReference; fileEncoding = 4; lastKnownFileType = sourcecode.c.objc; path = KMYTableViewHeaderFooterConfigurator.m; sourceTree = "<group>"; };
		A6D01FED1CABE139003CF026 /* KMYDefaultStyleTableViewCell.h */ = {isa = PBXFileReference; fileEncoding = 4; lastKnownFileType = sourcecode.c.h; path = KMYDefaultStyleTableViewCell.h; sourceTree = "<group>"; };
		A6D01FEE1CABE139003CF026 /* KMYDefaultStyleTableViewCell.m */ = {isa = PBXFileReference; fileEncoding = 4; lastKnownFileType = sourcecode.c.objc; path = KMYDefaultStyleTableViewCell.m; sourceTree = "<group>"; };
		A6D87A471CF70567006BEC47 /* WKWebView+KMY.h */ = {isa = PBXFileReference; fileEncoding = 4; lastKnownFileType = sourcecode.c.h; path = "WKWebView+KMY.h"; sourceTree = "<group>"; };
		A6D87A481CF70567006BEC47 /* WKWebView+KMY.m */ = {isa = PBXFileReference; fileEncoding = 4; lastKnownFileType = sourcecode.c.objc; path = "WKWebView+KMY.m"; sourceTree = "<group>"; };
		A6D8DB5E1CE0B681003E227A /* NSAttributedString+KMY.h */ = {isa = PBXFileReference; fileEncoding = 4; lastKnownFileType = sourcecode.c.h; path = "NSAttributedString+KMY.h"; sourceTree = "<group>"; };
		A6D8DB5F1CE0B681003E227A /* NSAttributedString+KMY.m */ = {isa = PBXFileReference; fileEncoding = 4; lastKnownFileType = sourcecode.c.objc; path = "NSAttributedString+KMY.m"; sourceTree = "<group>"; };
		A6F6DA251CCA18AB0042B78A /* UIBarButtonItem+KMY.h */ = {isa = PBXFileReference; fileEncoding = 4; lastKnownFileType = sourcecode.c.h; path = "UIBarButtonItem+KMY.h"; sourceTree = "<group>"; };
		A6F6DA261CCA18AB0042B78A /* UIBarButtonItem+KMY.m */ = {isa = PBXFileReference; fileEncoding = 4; lastKnownFileType = sourcecode.c.objc; path = "UIBarButtonItem+KMY.m"; sourceTree = "<group>"; };
		A6F6DA5E1CCDD4650042B78A /* KMYTableViewControllerBehavior.h */ = {isa = PBXFileReference; fileEncoding = 4; lastKnownFileType = sourcecode.c.h; path = KMYTableViewControllerBehavior.h; sourceTree = "<group>"; };
		A6F6DA5F1CCDD4650042B78A /* KMYTableViewControllerBehavior.m */ = {isa = PBXFileReference; fileEncoding = 4; lastKnownFileType = sourcecode.c.objc; path = KMYTableViewControllerBehavior.m; sourceTree = "<group>"; };
		A6F6DA621CCDD7190042B78A /* KMYCollectionViewControllerBehavior.h */ = {isa = PBXFileReference; fileEncoding = 4; lastKnownFileType = sourcecode.c.h; path = KMYCollectionViewControllerBehavior.h; sourceTree = "<group>"; };
		A6F6DA631CCDD7190042B78A /* KMYCollectionViewControllerBehavior.m */ = {isa = PBXFileReference; fileEncoding = 4; lastKnownFileType = sourcecode.c.objc; path = KMYCollectionViewControllerBehavior.m; sourceTree = "<group>"; };
		A6F6DA661CCDDC5C0042B78A /* UICollectionViewController+KMY.h */ = {isa = PBXFileReference; fileEncoding = 4; lastKnownFileType = sourcecode.c.h; path = "UICollectionViewController+KMY.h"; sourceTree = "<group>"; };
		A6F6DA671CCDDC5C0042B78A /* UICollectionViewController+KMY.m */ = {isa = PBXFileReference; fileEncoding = 4; lastKnownFileType = sourcecode.c.objc; path = "UICollectionViewController+KMY.m"; sourceTree = "<group>"; };
		A6F6DA6A1CCDE0C00042B78A /* KMYCollectionViewDataSource.h */ = {isa = PBXFileReference; fileEncoding = 4; lastKnownFileType = sourcecode.c.h; path = KMYCollectionViewDataSource.h; sourceTree = "<group>"; };
		A6F6DA6B1CCDE0C00042B78A /* KMYCollectionViewDataSource.m */ = {isa = PBXFileReference; fileEncoding = 4; lastKnownFileType = sourcecode.c.objc; path = KMYCollectionViewDataSource.m; sourceTree = "<group>"; };
		A6F6DA6E1CCDE45E0042B78A /* KMYCollectionViewCellConfigurator.h */ = {isa = PBXFileReference; fileEncoding = 4; lastKnownFileType = sourcecode.c.h; path = KMYCollectionViewCellConfigurator.h; sourceTree = "<group>"; };
		A6F6DA6F1CCDE45E0042B78A /* KMYCollectionViewCellConfigurator.m */ = {isa = PBXFileReference; fileEncoding = 4; lastKnownFileType = sourcecode.c.objc; path = KMYCollectionViewCellConfigurator.m; sourceTree = "<group>"; };
		A6F6DA731CCDE7840042B78A /* KMYDefaultCollectionViewCell.h */ = {isa = PBXFileReference; fileEncoding = 4; lastKnownFileType = sourcecode.c.h; path = KMYDefaultCollectionViewCell.h; sourceTree = "<group>"; };
		A6F6DA741CCDE7840042B78A /* KMYDefaultCollectionViewCell.m */ = {isa = PBXFileReference; fileEncoding = 4; lastKnownFileType = sourcecode.c.objc; path = KMYDefaultCollectionViewCell.m; sourceTree = "<group>"; };
		A6F6DA781CCDEC960042B78A /* KMYCollectionViewDelegate.h */ = {isa = PBXFileReference; fileEncoding = 4; lastKnownFileType = sourcecode.c.h; path = KMYCollectionViewDelegate.h; sourceTree = "<group>"; };
		A6F6DA791CCDEC960042B78A /* KMYCollectionViewDelegate.m */ = {isa = PBXFileReference; fileEncoding = 4; lastKnownFileType = sourcecode.c.objc; path = KMYCollectionViewDelegate.m; sourceTree = "<group>"; };
		A6F6DA7D1CCF298F0042B78A /* KMYUIItem+CollectionView.h */ = {isa = PBXFileReference; fileEncoding = 4; lastKnownFileType = sourcecode.c.h; path = "KMYUIItem+CollectionView.h"; sourceTree = "<group>"; };
		A6F6DA7E1CCF298F0042B78A /* KMYUIItem+CollectionView.m */ = {isa = PBXFileReference; fileEncoding = 4; lastKnownFileType = sourcecode.c.objc; path = "KMYUIItem+CollectionView.m"; sourceTree = "<group>"; };
		A6F6DA811CCF2BDF0042B78A /* KMYUIItem+TableView.h */ = {isa = PBXFileReference; fileEncoding = 4; lastKnownFileType = sourcecode.c.h; path = "KMYUIItem+TableView.h"; sourceTree = "<group>"; };
		A6F6DA821CCF2BDF0042B78A /* KMYUIItem+TableView.m */ = {isa = PBXFileReference; fileEncoding = 4; lastKnownFileType = sourcecode.c.objc; path = "KMYUIItem+TableView.m"; sourceTree = "<group>"; };
		A6F6F6BD1CA3CDAA0074F8A4 /* KMYKit.framework */ = {isa = PBXFileReference; explicitFileType = wrapper.framework; includeInIndex = 0; path = KMYKit.framework; sourceTree = BUILT_PRODUCTS_DIR; };
		A6F6F6C01CA3CDAA0074F8A4 /* KMYKit.h */ = {isa = PBXFileReference; lastKnownFileType = sourcecode.c.h; path = KMYKit.h; sourceTree = "<group>"; };
		A6F6F6C21CA3CDAA0074F8A4 /* Info.plist */ = {isa = PBXFileReference; lastKnownFileType = text.plist.xml; path = Info.plist; sourceTree = "<group>"; };
/* End PBXFileReference section */

/* Begin PBXFrameworksBuildPhase section */
		A6F6F6B91CA3CDAA0074F8A4 /* Frameworks */ = {
			isa = PBXFrameworksBuildPhase;
			buildActionMask = 2147483647;
			files = (
			);
			runOnlyForDeploymentPostprocessing = 0;
		};
/* End PBXFrameworksBuildPhase section */

/* Begin PBXGroup section */
		A62775371CB391CB00238E9D /* Category */ = {
			isa = PBXGroup;
			children = (
				A69E36051CEC40AF00FB3B8C /* NSLayoutAnchor+KMY.h */,
				A69E36061CEC40AF00FB3B8C /* NSLayoutAnchor+KMY.m */,
				A6F6DA251CCA18AB0042B78A /* UIBarButtonItem+KMY.h */,
				A6F6DA261CCA18AB0042B78A /* UIBarButtonItem+KMY.m */,
				A6871C791CBFCAE30062E265 /* UIButton+KMY.h */,
				A6871C7A1CBFCAE30062E265 /* UIButton+KMY.m */,
				A6F6DA661CCDDC5C0042B78A /* UICollectionViewController+KMY.h */,
				A6F6DA671CCDDC5C0042B78A /* UICollectionViewController+KMY.m */,
				A69674A51CFEE653003B49F0 /* UIGestureRecognizer+KMY.h */,
				A69674A61CFEE653003B49F0 /* UIGestureRecognizer+KMY.m */,
				A6871C751CBFC8630062E265 /* UIImageView+KMY.h */,
				A6871C761CBFC8630062E265 /* UIImageView+KMY.m */,
				A62775391CB3927400238E9D /* UINavigationController+KMY.h */,
				A627753A1CB3927400238E9D /* UINavigationController+KMY.m */,
				A6028DD91D43817100289B3A /* UIScreen+KMY.h */,
				A6028DDA1D43817100289B3A /* UIScreen+KMY.m */,
				A6587CEF1D01883B00F6DD9E /* UISegmentedControl+KMY.h */,
				A6587CF01D01883B00F6DD9E /* UISegmentedControl+KMY.m */,
				A697721B1D01BD2E00F1BE5A /* UISwitch+KMY.h */,
				A697721C1D01BD2E00F1BE5A /* UISwitch+KMY.m */,
				A62775331CB38F4100238E9D /* UITableViewController+KMY.h */,
				A62775341CB38F4100238E9D /* UITableViewController+KMY.m */,
				A68B8E281CAA6F9200DE6E95 /* UIView+KMY.h */,
				A68B8E291CAA6F9200DE6E95 /* UIView+KMY.m */,
				A6D87A471CF70567006BEC47 /* WKWebView+KMY.h */,
				A6D87A481CF70567006BEC47 /* WKWebView+KMY.m */,
			);
			name = Category;
			sourceTree = "<group>";
		};
		A62775381CB391E600238E9D /* Category */ = {
			isa = PBXGroup;
			children = (
				A68B8E021CAA6F8900DE6E95 /* NSArray+KMY.h */,
				A68B8E031CAA6F8900DE6E95 /* NSArray+KMY.m */,
				A6D8DB5E1CE0B681003E227A /* NSAttributedString+KMY.h */,
				A6D8DB5F1CE0B681003E227A /* NSAttributedString+KMY.m */,
				A68B8E041CAA6F8900DE6E95 /* NSDictionary+KMY.h */,
				A68B8E051CAA6F8900DE6E95 /* NSDictionary+KMY.m */,
				A68B8E061CAA6F8900DE6E95 /* NSMutableArray+KMY.h */,
				A68B8E071CAA6F8900DE6E95 /* NSMutableArray+KMY.m */,
				A68B8E081CAA6F8900DE6E95 /* NSObject+KMY.h */,
				A68B8E091CAA6F8900DE6E95 /* NSObject+KMY.m */,
				A626C98D1CD8A49C0094802F /* NSString+KMY.h */,
				A626C98E1CD8A49C0094802F /* NSString+KMY.m */,
				A6028DEB1D46049800289B3A /* NSTimer+KMY.h */,
				A6028DEC1D46049800289B3A /* NSTimer+KMY.m */,
			);
			name = Category;
			sourceTree = "<group>";
		};
		A6871C611CBE393E0062E265 /* CoreData */ = {
			isa = PBXGroup;
			children = (
				A6871C661CBE39DE0062E265 /* KMY+CoreData.h */,
				A6871C621CBE39710062E265 /* KMYManagedObject.h */,
				A6871C631CBE39710062E265 /* KMYManagedObject.m */,
			);
			path = CoreData;
			sourceTree = "<group>";
		};
		A68B8DF71CAA6F8900DE6E95 /* Foundation */ = {
			isa = PBXGroup;
			children = (
				A62775381CB391E600238E9D /* Category */,
				A68B8DF81CAA6F8900DE6E95 /* KMY+Foundation.h */,
				A627751D1CAE3B8300238E9D /* KMYAssert.h */,
				A627751E1CAE3B8300238E9D /* KMYAssert.m */,
				A68B8DF91CAA6F8900DE6E95 /* KMYBlock.h */,
				A68B8DFA1CAA6F8900DE6E95 /* KMYBlock.m */,
				A68B8DFB1CAA6F8900DE6E95 /* KMYDispatch.h */,
				A68B8DFC1CAA6F8900DE6E95 /* KMYDispatch.m */,
				A68B8DFD1CAA6F8900DE6E95 /* KMYItem.h */,
				A68B8DFE1CAA6F8900DE6E95 /* KMYItem.m */,
				A68B8DFF1CAA6F8900DE6E95 /* KMYItemAttributes.h */,
				A627752F1CB38C1400238E9D /* KMYMacros.h */,
				A68B8E001CAA6F8900DE6E95 /* KMYSection.h */,
				A68B8E011CAA6F8900DE6E95 /* KMYSection.m */,
			);
			path = Foundation;
			sourceTree = "<group>";
		};
		A68B8E1C1CAA6F9200DE6E95 /* UI */ = {
			isa = PBXGroup;
			children = (
				A62775371CB391CB00238E9D /* Category */,
				A6F6DA5D1CCDD1E30042B78A /* CollectionView */,
				A68B8E1D1CAA6F9200DE6E95 /* KMY+UIFoundation.h */,
				A627751B1CAD493300238E9D /* KMYDefaultReusableIdentifying.h */,
				A68B8E1E1CAA6F9200DE6E95 /* KMYNavigationController.h */,
				A68B8E1F1CAA6F9200DE6E95 /* KMYNavigationController.m */,
				A68B8E221CAA6F9200DE6E95 /* KMYUIItem.h */,
				A68B8E231CAA6F9200DE6E95 /* KMYUIItem.m */,
				A68B8E241CAA6F9200DE6E95 /* KMYUISection.h */,
				A68B8E251CAA6F9200DE6E95 /* KMYUISection.m */,
				A68B8E261CAA6F9200DE6E95 /* KMYViewController.h */,
				A68B8E271CAA6F9200DE6E95 /* KMYViewController.m */,
				A68B8E3F1CAAB5F400DE6E95 /* TableView */,
			);
			path = UI;
			sourceTree = "<group>";
		};
		A68B8E3F1CAAB5F400DE6E95 /* TableView */ = {
			isa = PBXGroup;
			children = (
				A6D01FF11CABE151003CF026 /* Cell */,
				A68B8E441CAAB6B300DE6E95 /* KMYTableViewCellConfigurator.h */,
				A68B8E451CAAB6B300DE6E95 /* KMYTableViewCellConfigurator.m */,
				A68B8E201CAA6F9200DE6E95 /* KMYTableViewController.h */,
				A68B8E211CAA6F9200DE6E95 /* KMYTableViewController.m */,
				A6F6DA5E1CCDD4650042B78A /* KMYTableViewControllerBehavior.h */,
				A6F6DA5F1CCDD4650042B78A /* KMYTableViewControllerBehavior.m */,
				A68B8E371CAA825900DE6E95 /* KMYTableViewDataSource.h */,
				A68B8E381CAA825900DE6E95 /* KMYTableViewDataSource.m */,
				A68B8E3B1CAA828900DE6E95 /* KMYTableViewDelegate.h */,
				A68B8E3C1CAA828900DE6E95 /* KMYTableViewDelegate.m */,
				A6A8D0521D250F2100BD292D /* KMYTableViewHeaderFooterConfigurator.h */,
				A6A8D0531D250F2100BD292D /* KMYTableViewHeaderFooterConfigurator.m */,
				A6F6DA811CCF2BDF0042B78A /* KMYUIItem+TableView.h */,
				A6F6DA821CCF2BDF0042B78A /* KMYUIItem+TableView.m */,
			);
			name = TableView;
			sourceTree = "<group>";
		};
		A6D01FF11CABE151003CF026 /* Cell */ = {
			isa = PBXGroup;
			children = (
				A627754B1CBCD33000238E9D /* KMYButtonTableViewCell.h */,
				A627754C1CBCD33000238E9D /* KMYButtonTableViewCell.m */,
				A6D01FED1CABE139003CF026 /* KMYDefaultStyleTableViewCell.h */,
				A6D01FEE1CABE139003CF026 /* KMYDefaultStyleTableViewCell.m */,
				A627754F1CBCD71B00238E9D /* KMYDestructiveButtonTableViewCell.h */,
				A62775501CBCD71B00238E9D /* KMYDestructiveButtonTableViewCell.m */,
				A6587CEB1D015F8200F6DD9E /* KMYSegmentedControlTableViewCell.h */,
				A6587CEC1D015F8200F6DD9E /* KMYSegmentedControlTableViewCell.m */,
				A62775281CAE8BD600238E9D /* KMYSubtitleStyleTableViewCell.h */,
				A62775291CAE8BD600238E9D /* KMYSubtitleStyleTableViewCell.m */,
				A6587CE71D015C0400F6DD9E /* KMYSwitchTableViewCell.h */,
				A6587CE81D015C0400F6DD9E /* KMYSwitchTableViewCell.m */,
				A68B8E401CAAB61500DE6E95 /* KMYTextFieldTableViewCell.h */,
				A68B8E411CAAB61500DE6E95 /* KMYTextFieldTableViewCell.m */,
			);
			name = Cell;
			sourceTree = "<group>";
		};
		A6F6DA5D1CCDD1E30042B78A /* CollectionView */ = {
			isa = PBXGroup;
			children = (
				A6F6DA721CCDE6AF0042B78A /* Cell */,
				A6F6DA6E1CCDE45E0042B78A /* KMYCollectionViewCellConfigurator.h */,
				A6F6DA6F1CCDE45E0042B78A /* KMYCollectionViewCellConfigurator.m */,
				A6F6DA621CCDD7190042B78A /* KMYCollectionViewControllerBehavior.h */,
				A6F6DA631CCDD7190042B78A /* KMYCollectionViewControllerBehavior.m */,
				A6F6DA6A1CCDE0C00042B78A /* KMYCollectionViewDataSource.h */,
				A6F6DA6B1CCDE0C00042B78A /* KMYCollectionViewDataSource.m */,
				A6F6DA781CCDEC960042B78A /* KMYCollectionViewDelegate.h */,
				A6F6DA791CCDEC960042B78A /* KMYCollectionViewDelegate.m */,
				A6A8D03C1D22435E00BD292D /* KMYCollectionViewSupplementaryViewConfigurator.h */,
				A6A8D03D1D22435E00BD292D /* KMYCollectionViewSupplementaryViewConfigurator.m */,
				A6F6DA7D1CCF298F0042B78A /* KMYUIItem+CollectionView.h */,
				A6F6DA7E1CCF298F0042B78A /* KMYUIItem+CollectionView.m */,
			);
			name = CollectionView;
			sourceTree = "<group>";
		};
		A6F6DA721CCDE6AF0042B78A /* Cell */ = {
			isa = PBXGroup;
			children = (
				A6F6DA731CCDE7840042B78A /* KMYDefaultCollectionViewCell.h */,
				A6F6DA741CCDE7840042B78A /* KMYDefaultCollectionViewCell.m */,
			);
			name = Cell;
			sourceTree = "<group>";
		};
		A6F6F6B31CA3CDAA0074F8A4 = {
			isa = PBXGroup;
			children = (
				A6F6F6BF1CA3CDAA0074F8A4 /* KMYKit */,
				A6F6F6BE1CA3CDAA0074F8A4 /* Products */,
			);
			sourceTree = "<group>";
		};
		A6F6F6BE1CA3CDAA0074F8A4 /* Products */ = {
			isa = PBXGroup;
			children = (
				A6F6F6BD1CA3CDAA0074F8A4 /* KMYKit.framework */,
			);
			name = Products;
			sourceTree = "<group>";
		};
		A6F6F6BF1CA3CDAA0074F8A4 /* KMYKit */ = {
			isa = PBXGroup;
			children = (
				A6871C611CBE393E0062E265 /* CoreData */,
				A68B8DF71CAA6F8900DE6E95 /* Foundation */,
				A6F6F6C21CA3CDAA0074F8A4 /* Info.plist */,
				A6F6F6C01CA3CDAA0074F8A4 /* KMYKit.h */,
				A68B8E1C1CAA6F9200DE6E95 /* UI */,
			);
			path = KMYKit;
			sourceTree = "<group>";
		};
/* End PBXGroup section */

/* Begin PBXHeadersBuildPhase section */
		A6F6F6BA1CA3CDAA0074F8A4 /* Headers */ = {
			isa = PBXHeadersBuildPhase;
			buildActionMask = 2147483647;
			files = (
				A68B8E2D1CAA6F9200DE6E95 /* KMYTableViewController.h in Headers */,
				A68B8E331CAA6F9200DE6E95 /* KMYViewController.h in Headers */,
				A68B8E121CAA6F8900DE6E95 /* KMYSection.h in Headers */,
				A68B8E351CAA6F9200DE6E95 /* UIView+KMY.h in Headers */,
				A68B8E0D1CAA6F8900DE6E95 /* KMYDispatch.h in Headers */,
				A68B8E2B1CAA6F9200DE6E95 /* KMYNavigationController.h in Headers */,
				A68B8E161CAA6F8900DE6E95 /* NSDictionary+KMY.h in Headers */,
				A6F6F6C11CA3CDAA0074F8A4 /* KMYKit.h in Headers */,
				A68B8E0A1CAA6F8900DE6E95 /* KMY+Foundation.h in Headers */,
				A68B8E2A1CAA6F9200DE6E95 /* KMY+UIFoundation.h in Headers */,
				A68B8E311CAA6F9200DE6E95 /* KMYUISection.h in Headers */,
				A68B8E1A1CAA6F8900DE6E95 /* NSObject+KMY.h in Headers */,
				A68B8E0B1CAA6F8900DE6E95 /* KMYBlock.h in Headers */,
				A68B8E111CAA6F8900DE6E95 /* KMYItemAttributes.h in Headers */,
				A68B8E0F1CAA6F8900DE6E95 /* KMYItem.h in Headers */,
				A68B8E181CAA6F8900DE6E95 /* NSMutableArray+KMY.h in Headers */,
				A68B8E3D1CAA828900DE6E95 /* KMYTableViewDelegate.h in Headers */,
				A68B8E421CAAB61500DE6E95 /* KMYTextFieldTableViewCell.h in Headers */,
				A68B8E461CAAB6B300DE6E95 /* KMYTableViewCellConfigurator.h in Headers */,
				A68B8E391CAA825900DE6E95 /* KMYTableViewDataSource.h in Headers */,
				A68B8E141CAA6F8900DE6E95 /* NSArray+KMY.h in Headers */,
				A6D01FEF1CABE139003CF026 /* KMYDefaultStyleTableViewCell.h in Headers */,
				A627751C1CAD493300238E9D /* KMYDefaultReusableIdentifying.h in Headers */,
				A627751F1CAE3B8300238E9D /* KMYAssert.h in Headers */,
				A627752A1CAE8BD600238E9D /* KMYSubtitleStyleTableViewCell.h in Headers */,
				A68B8E2F1CAA6F9200DE6E95 /* KMYUIItem.h in Headers */,
				A62775351CB38F4100238E9D /* UITableViewController+KMY.h in Headers */,
				A627754D1CBCD33000238E9D /* KMYButtonTableViewCell.h in Headers */,
				A627753B1CB3927400238E9D /* UINavigationController+KMY.h in Headers */,
				A6871C671CBE39DE0062E265 /* KMY+CoreData.h in Headers */,
				A6871C641CBE39710062E265 /* KMYManagedObject.h in Headers */,
				A6871C771CBFC8630062E265 /* UIImageView+KMY.h in Headers */,
				A62775511CBCD71B00238E9D /* KMYDestructiveButtonTableViewCell.h in Headers */,
				A6871C7B1CBFCAE30062E265 /* UIButton+KMY.h in Headers */,
				A6F6DA271CCA18AB0042B78A /* UIBarButtonItem+KMY.h in Headers */,
				A6F6DA681CCDDC5C0042B78A /* UICollectionViewController+KMY.h in Headers */,
				A6F6DA601CCDD4650042B78A /* KMYTableViewControllerBehavior.h in Headers */,
				A6F6DA641CCDD7190042B78A /* KMYCollectionViewControllerBehavior.h in Headers */,
				A6F6DA6C1CCDE0C00042B78A /* KMYCollectionViewDataSource.h in Headers */,
				A6F6DA751CCDE7840042B78A /* KMYDefaultCollectionViewCell.h in Headers */,
				A6F6DA701CCDE45E0042B78A /* KMYCollectionViewCellConfigurator.h in Headers */,
				A6F6DA7A1CCDEC960042B78A /* KMYCollectionViewDelegate.h in Headers */,
				A6F6DA831CCF2BDF0042B78A /* KMYUIItem+TableView.h in Headers */,
				A6F6DA7F1CCF298F0042B78A /* KMYUIItem+CollectionView.h in Headers */,
				A626C98F1CD8A49C0094802F /* NSString+KMY.h in Headers */,
				A69E36071CEC40AF00FB3B8C /* NSLayoutAnchor+KMY.h in Headers */,
				A6D8DB601CE0B681003E227A /* NSAttributedString+KMY.h in Headers */,
				A62775311CB38C1400238E9D /* KMYMacros.h in Headers */,
				A69674A71CFEE653003B49F0 /* UIGestureRecognizer+KMY.h in Headers */,
				A6587CED1D015F8200F6DD9E /* KMYSegmentedControlTableViewCell.h in Headers */,
				A6587CE91D015C0400F6DD9E /* KMYSwitchTableViewCell.h in Headers */,
				A6587CF11D01883B00F6DD9E /* UISegmentedControl+KMY.h in Headers */,
				A697721D1D01BD2E00F1BE5A /* UISwitch+KMY.h in Headers */,
				A6A8D03E1D22435E00BD292D /* KMYCollectionViewSupplementaryViewConfigurator.h in Headers */,
				A6A8D0541D250F2100BD292D /* KMYTableViewHeaderFooterConfigurator.h in Headers */,
				A6028DED1D46049800289B3A /* NSTimer+KMY.h in Headers */,
				A6028DDB1D43817100289B3A /* UIScreen+KMY.h in Headers */,
				A6D87A491CF70567006BEC47 /* WKWebView+KMY.h in Headers */,
			);
			runOnlyForDeploymentPostprocessing = 0;
		};
/* End PBXHeadersBuildPhase section */

/* Begin PBXNativeTarget section */
		A6F6F6BC1CA3CDAA0074F8A4 /* KMYKit */ = {
			isa = PBXNativeTarget;
			buildConfigurationList = A6F6F6C51CA3CDAA0074F8A4 /* Build configuration list for PBXNativeTarget "KMYKit" */;
			buildPhases = (
				A6F6F6B81CA3CDAA0074F8A4 /* Sources */,
				A6F6F6B91CA3CDAA0074F8A4 /* Frameworks */,
				A6F6F6BA1CA3CDAA0074F8A4 /* Headers */,
				A6F6F6BB1CA3CDAA0074F8A4 /* Resources */,
			);
			buildRules = (
			);
			dependencies = (
			);
			name = KMYKit;
			productName = KMYKit;
			productReference = A6F6F6BD1CA3CDAA0074F8A4 /* KMYKit.framework */;
			productType = "com.apple.product-type.framework";
		};
/* End PBXNativeTarget section */

/* Begin PBXProject section */
		A6F6F6B41CA3CDAA0074F8A4 /* Project object */ = {
			isa = PBXProject;
			attributes = {
				LastUpgradeCheck = 0720;
				ORGANIZATIONNAME = Karmeye;
				TargetAttributes = {
					A6F6F6BC1CA3CDAA0074F8A4 = {
						CreatedOnToolsVersion = 7.2.1;
					};
				};
			};
			buildConfigurationList = A6F6F6B71CA3CDAA0074F8A4 /* Build configuration list for PBXProject "KMYKit" */;
			compatibilityVersion = "Xcode 3.2";
			developmentRegion = English;
			hasScannedForEncodings = 0;
			knownRegions = (
				en,
			);
			mainGroup = A6F6F6B31CA3CDAA0074F8A4;
			productRefGroup = A6F6F6BE1CA3CDAA0074F8A4 /* Products */;
			projectDirPath = "";
			projectRoot = "";
			targets = (
				A6F6F6BC1CA3CDAA0074F8A4 /* KMYKit */,
			);
		};
/* End PBXProject section */

/* Begin PBXResourcesBuildPhase section */
		A6F6F6BB1CA3CDAA0074F8A4 /* Resources */ = {
			isa = PBXResourcesBuildPhase;
			buildActionMask = 2147483647;
			files = (
			);
			runOnlyForDeploymentPostprocessing = 0;
		};
/* End PBXResourcesBuildPhase section */

/* Begin PBXSourcesBuildPhase section */
		A6F6F6B81CA3CDAA0074F8A4 /* Sources */ = {
			isa = PBXSourcesBuildPhase;
			buildActionMask = 2147483647;
			files = (
				A6F6DA691CCDDC5C0042B78A /* UICollectionViewController+KMY.m in Sources */,
				A68B8E471CAAB6B300DE6E95 /* KMYTableViewCellConfigurator.m in Sources */,
				A6F6DA841CCF2BDF0042B78A /* KMYUIItem+TableView.m in Sources */,
				A697721E1D01BD2E00F1BE5A /* UISwitch+KMY.m in Sources */,
				A62775201CAE3B8300238E9D /* KMYAssert.m in Sources */,
				A68B8E431CAAB61500DE6E95 /* KMYTextFieldTableViewCell.m in Sources */,
				A626C9901CD8A49C0094802F /* NSString+KMY.m in Sources */,
				A62775521CBCD71B00238E9D /* KMYDestructiveButtonTableViewCell.m in Sources */,
				A6F6DA7B1CCDEC960042B78A /* KMYCollectionViewDelegate.m in Sources */,
				A627754E1CBCD33000238E9D /* KMYButtonTableViewCell.m in Sources */,
				A6D87A4A1CF70567006BEC47 /* WKWebView+KMY.m in Sources */,
				A68B8E3E1CAA828900DE6E95 /* KMYTableViewDelegate.m in Sources */,
				A68B8E171CAA6F8900DE6E95 /* NSDictionary+KMY.m in Sources */,
				A68B8E321CAA6F9200DE6E95 /* KMYUISection.m in Sources */,
				A6F6DA611CCDD4650042B78A /* KMYTableViewControllerBehavior.m in Sources */,
				A69674A81CFEE653003B49F0 /* UIGestureRecognizer+KMY.m in Sources */,
				A68B8E101CAA6F8900DE6E95 /* KMYItem.m in Sources */,
				A68B8E301CAA6F9200DE6E95 /* KMYUIItem.m in Sources */,
				A6871C651CBE39710062E265 /* KMYManagedObject.m in Sources */,
				A6F6DA761CCDE7840042B78A /* KMYDefaultCollectionViewCell.m in Sources */,
				A68B8E361CAA6F9200DE6E95 /* UIView+KMY.m in Sources */,
				A62775361CB38F4100238E9D /* UITableViewController+KMY.m in Sources */,
				A6F6DA711CCDE45E0042B78A /* KMYCollectionViewCellConfigurator.m in Sources */,
				A6F6DA6D1CCDE0C00042B78A /* KMYCollectionViewDataSource.m in Sources */,
				A68B8E341CAA6F9200DE6E95 /* KMYViewController.m in Sources */,
				A627753C1CB3927400238E9D /* UINavigationController+KMY.m in Sources */,
				A68B8E131CAA6F8900DE6E95 /* KMYSection.m in Sources */,
				A6D01FF01CABE139003CF026 /* KMYDefaultStyleTableViewCell.m in Sources */,
				A69E36081CEC40AF00FB3B8C /* NSLayoutAnchor+KMY.m in Sources */,
				A6028DEE1D46049800289B3A /* NSTimer+KMY.m in Sources */,
				A68B8E2E1CAA6F9200DE6E95 /* KMYTableViewController.m in Sources */,
				A68B8E0C1CAA6F8900DE6E95 /* KMYBlock.m in Sources */,
				A68B8E2C1CAA6F9200DE6E95 /* KMYNavigationController.m in Sources */,
				A68B8E151CAA6F8900DE6E95 /* NSArray+KMY.m in Sources */,
				A627752B1CAE8BD600238E9D /* KMYSubtitleStyleTableViewCell.m in Sources */,
				A6871C781CBFC8630062E265 /* UIImageView+KMY.m in Sources */,
				A6587CEE1D015F8200F6DD9E /* KMYSegmentedControlTableViewCell.m in Sources */,
				A6871C7C1CBFCAE30062E265 /* UIButton+KMY.m in Sources */,
				A68B8E1B1CAA6F8900DE6E95 /* NSObject+KMY.m in Sources */,
				A6A8D0551D250F2100BD292D /* KMYTableViewHeaderFooterConfigurator.m in Sources */,
				A68B8E191CAA6F8900DE6E95 /* NSMutableArray+KMY.m in Sources */,
				A6587CF21D01883B00F6DD9E /* UISegmentedControl+KMY.m in Sources */,
				A6F6DA801CCF298F0042B78A /* KMYUIItem+CollectionView.m in Sources */,
				A6F6DA651CCDD7190042B78A /* KMYCollectionViewControllerBehavior.m in Sources */,
				A6A8D03F1D22435E00BD292D /* KMYCollectionViewSupplementaryViewConfigurator.m in Sources */,
				A6F6DA281CCA18AB0042B78A /* UIBarButtonItem+KMY.m in Sources */,
				A68B8E0E1CAA6F8900DE6E95 /* KMYDispatch.m in Sources */,
				A6587CEA1D015C0400F6DD9E /* KMYSwitchTableViewCell.m in Sources */,
				A68B8E3A1CAA825900DE6E95 /* KMYTableViewDataSource.m in Sources */,
				A6D8DB611CE0B681003E227A /* NSAttributedString+KMY.m in Sources */,
				A6028DDC1D43817100289B3A /* UIScreen+KMY.m in Sources */,
			);
			runOnlyForDeploymentPostprocessing = 0;
		};
/* End PBXSourcesBuildPhase section */

/* Begin XCBuildConfiguration section */
		A6F6F6C31CA3CDAA0074F8A4 /* Debug */ = {
			isa = XCBuildConfiguration;
			buildSettings = {
				ALWAYS_SEARCH_USER_PATHS = NO;
				CLANG_CXX_LANGUAGE_STANDARD = "gnu++0x";
				CLANG_CXX_LIBRARY = "libc++";
				CLANG_ENABLE_MODULES = YES;
				CLANG_ENABLE_OBJC_ARC = YES;
				CLANG_WARN_BOOL_CONVERSION = YES;
				CLANG_WARN_CONSTANT_CONVERSION = YES;
				CLANG_WARN_DIRECT_OBJC_ISA_USAGE = YES_ERROR;
				CLANG_WARN_EMPTY_BODY = YES;
				CLANG_WARN_ENUM_CONVERSION = YES;
				CLANG_WARN_INT_CONVERSION = YES;
				CLANG_WARN_OBJC_ROOT_CLASS = YES_ERROR;
				CLANG_WARN_UNREACHABLE_CODE = YES;
				CLANG_WARN__DUPLICATE_METHOD_MATCH = YES;
				"CODE_SIGN_IDENTITY[sdk=iphoneos*]" = "iPhone Developer";
				COPY_PHASE_STRIP = NO;
				CURRENT_PROJECT_VERSION = 1;
				DEBUG_INFORMATION_FORMAT = dwarf;
				ENABLE_STRICT_OBJC_MSGSEND = YES;
				ENABLE_TESTABILITY = YES;
				GCC_C_LANGUAGE_STANDARD = gnu99;
				GCC_DYNAMIC_NO_PIC = NO;
				GCC_NO_COMMON_BLOCKS = YES;
				GCC_OPTIMIZATION_LEVEL = 0;
				GCC_PREPROCESSOR_DEFINITIONS = (
					"DEBUG=1",
					"$(inherited)",
				);
				GCC_WARN_64_TO_32_BIT_CONVERSION = YES;
				GCC_WARN_ABOUT_RETURN_TYPE = YES_ERROR;
				GCC_WARN_UNDECLARED_SELECTOR = YES;
				GCC_WARN_UNINITIALIZED_AUTOS = YES_AGGRESSIVE;
				GCC_WARN_UNUSED_FUNCTION = YES;
				GCC_WARN_UNUSED_VARIABLE = YES;
				IPHONEOS_DEPLOYMENT_TARGET = 8.0;
				MTL_ENABLE_DEBUG_INFO = YES;
				ONLY_ACTIVE_ARCH = YES;
				SDKROOT = iphoneos;
				TARGETED_DEVICE_FAMILY = "1,2";
				VERSIONING_SYSTEM = "apple-generic";
				VERSION_INFO_PREFIX = "";
			};
			name = Debug;
		};
		A6F6F6C41CA3CDAA0074F8A4 /* Release */ = {
			isa = XCBuildConfiguration;
			buildSettings = {
				ALWAYS_SEARCH_USER_PATHS = NO;
				CLANG_CXX_LANGUAGE_STANDARD = "gnu++0x";
				CLANG_CXX_LIBRARY = "libc++";
				CLANG_ENABLE_MODULES = YES;
				CLANG_ENABLE_OBJC_ARC = YES;
				CLANG_WARN_BOOL_CONVERSION = YES;
				CLANG_WARN_CONSTANT_CONVERSION = YES;
				CLANG_WARN_DIRECT_OBJC_ISA_USAGE = YES_ERROR;
				CLANG_WARN_EMPTY_BODY = YES;
				CLANG_WARN_ENUM_CONVERSION = YES;
				CLANG_WARN_INT_CONVERSION = YES;
				CLANG_WARN_OBJC_ROOT_CLASS = YES_ERROR;
				CLANG_WARN_UNREACHABLE_CODE = YES;
				CLANG_WARN__DUPLICATE_METHOD_MATCH = YES;
				"CODE_SIGN_IDENTITY[sdk=iphoneos*]" = "iPhone Developer";
				COPY_PHASE_STRIP = NO;
				CURRENT_PROJECT_VERSION = 1;
				DEBUG_INFORMATION_FORMAT = "dwarf-with-dsym";
				ENABLE_NS_ASSERTIONS = NO;
				ENABLE_STRICT_OBJC_MSGSEND = YES;
				GCC_C_LANGUAGE_STANDARD = gnu99;
				GCC_NO_COMMON_BLOCKS = YES;
				GCC_WARN_64_TO_32_BIT_CONVERSION = YES;
				GCC_WARN_ABOUT_RETURN_TYPE = YES_ERROR;
				GCC_WARN_UNDECLARED_SELECTOR = YES;
				GCC_WARN_UNINITIALIZED_AUTOS = YES_AGGRESSIVE;
				GCC_WARN_UNUSED_FUNCTION = YES;
				GCC_WARN_UNUSED_VARIABLE = YES;
				IPHONEOS_DEPLOYMENT_TARGET = 8.0;
				MTL_ENABLE_DEBUG_INFO = NO;
				SDKROOT = iphoneos;
				TARGETED_DEVICE_FAMILY = "1,2";
				VALIDATE_PRODUCT = YES;
				VERSIONING_SYSTEM = "apple-generic";
				VERSION_INFO_PREFIX = "";
			};
			name = Release;
		};
		A6F6F6C61CA3CDAA0074F8A4 /* Debug */ = {
			isa = XCBuildConfiguration;
			buildSettings = {
				DEFINES_MODULE = YES;
				DYLIB_COMPATIBILITY_VERSION = 1;
				DYLIB_CURRENT_VERSION = 1;
				DYLIB_INSTALL_NAME_BASE = "@rpath";
				INFOPLIST_FILE = KMYKit/Info.plist;
				INSTALL_PATH = "$(LOCAL_LIBRARY_DIR)/Frameworks";
				LD_RUNPATH_SEARCH_PATHS = "$(inherited) @executable_path/Frameworks @loader_path/Frameworks";
				PRODUCT_BUNDLE_IDENTIFIER = com.karmeye.KMYKit;
				PRODUCT_NAME = "$(TARGET_NAME)";
				SKIP_INSTALL = YES;
			};
			name = Debug;
		};
		A6F6F6C71CA3CDAA0074F8A4 /* Release */ = {
			isa = XCBuildConfiguration;
			buildSettings = {
				DEFINES_MODULE = YES;
				DYLIB_COMPATIBILITY_VERSION = 1;
				DYLIB_CURRENT_VERSION = 1;
				DYLIB_INSTALL_NAME_BASE = "@rpath";
				INFOPLIST_FILE = KMYKit/Info.plist;
				INSTALL_PATH = "$(LOCAL_LIBRARY_DIR)/Frameworks";
				LD_RUNPATH_SEARCH_PATHS = "$(inherited) @executable_path/Frameworks @loader_path/Frameworks";
				PRODUCT_BUNDLE_IDENTIFIER = com.karmeye.KMYKit;
				PRODUCT_NAME = "$(TARGET_NAME)";
				SKIP_INSTALL = YES;
			};
			name = Release;
		};
/* End XCBuildConfiguration section */

/* Begin XCConfigurationList section */
		A6F6F6B71CA3CDAA0074F8A4 /* Build configuration list for PBXProject "KMYKit" */ = {
			isa = XCConfigurationList;
			buildConfigurations = (
				A6F6F6C31CA3CDAA0074F8A4 /* Debug */,
				A6F6F6C41CA3CDAA0074F8A4 /* Release */,
			);
			defaultConfigurationIsVisible = 0;
			defaultConfigurationName = Release;
		};
		A6F6F6C51CA3CDAA0074F8A4 /* Build configuration list for PBXNativeTarget "KMYKit" */ = {
			isa = XCConfigurationList;
			buildConfigurations = (
				A6F6F6C61CA3CDAA0074F8A4 /* Debug */,
				A6F6F6C71CA3CDAA0074F8A4 /* Release */,
			);
			defaultConfigurationIsVisible = 0;
			defaultConfigurationName = Release;
		};
/* End XCConfigurationList section */
	};
	rootObject = A6F6F6B41CA3CDAA0074F8A4 /* Project object */;
}
